// !$*UTF8*$!
{
	archiveVersion = 1;
	classes = {
	};
	objectVersion = 46;
	objects = {

/* Begin PBXBuildFile section */
		6501881E1E41F9C8008B5C4E /* AppCoordinator.swift in Sources */ = {isa = PBXBuildFile; fileRef = 6501881D1E41F9C8008B5C4E /* AppCoordinator.swift */; };
		650188211E4202EF008B5C4E /* PhotoDetailViewController.swift in Sources */ = {isa = PBXBuildFile; fileRef = 650188201E4202EF008B5C4E /* PhotoDetailViewController.swift */; };
		650188231E420512008B5C4E /* PhotoDetailViewModel.swift in Sources */ = {isa = PBXBuildFile; fileRef = 650188221E420512008B5C4E /* PhotoDetailViewModel.swift */; };
		650297271E3D405400E6ECF0 /* PhotosListViewController.swift in Sources */ = {isa = PBXBuildFile; fileRef = 650297261E3D405400E6ECF0 /* PhotosListViewController.swift */; };
		650297291E3D406F00E6ECF0 /* PhotosListViewModel.swift in Sources */ = {isa = PBXBuildFile; fileRef = 650297281E3D406F00E6ECF0 /* PhotosListViewModel.swift */; };
		6554B8671E3E394D007440DA /* Color+HexAndCSSColorNames.swift in Sources */ = {isa = PBXBuildFile; fileRef = 6554B8661E3E394D007440DA /* Color+HexAndCSSColorNames.swift */; };
		655753701E3D48EA00980EC2 /* CustomRoundedButton.swift in Sources */ = {isa = PBXBuildFile; fileRef = 6557536F1E3D48EA00980EC2 /* CustomRoundedButton.swift */; };
		6564DEA01E4503B10056BA72 /* UnsplashUser.swift in Sources */ = {isa = PBXBuildFile; fileRef = 6564DE9F1E4503B10056BA72 /* UnsplashUser.swift */; };
		6578AE651E377E7100176514 /* AppDelegate.swift in Sources */ = {isa = PBXBuildFile; fileRef = 6578AE641E377E7100176514 /* AppDelegate.swift */; };
		6578AE6C1E377E7100176514 /* Assets.xcassets in Resources */ = {isa = PBXBuildFile; fileRef = 6578AE6B1E377E7100176514 /* Assets.xcassets */; };
		6578AE6F1E377E7100176514 /* LaunchScreen.storyboard in Resources */ = {isa = PBXBuildFile; fileRef = 6578AE6D1E377E7100176514 /* LaunchScreen.storyboard */; };
		659AFCA41E415E8800339F29 /* LoadMoreView.xib in Resources */ = {isa = PBXBuildFile; fileRef = 659AFCA31E415E8800339F29 /* LoadMoreView.xib */; };
		659AFCA61E41608F00339F29 /* LoadMoreView.swift in Sources */ = {isa = PBXBuildFile; fileRef = 659AFCA51E41608F00339F29 /* LoadMoreView.swift */; };
		65A27CAE1E37D4F100D13741 /* FullSizePhotoTableViewCell.swift in Sources */ = {isa = PBXBuildFile; fileRef = 65A27CAD1E37D4F100D13741 /* FullSizePhotoTableViewCell.swift */; };
		65AEFEB51E532484003A7119 /* R.generated.swift in Sources */ = {isa = PBXBuildFile; fileRef = 65AEFEB41E532484003A7119 /* R.generated.swift */; };
		65B11CED1E40041B0081551A /* EmptyView.xib in Resources */ = {isa = PBXBuildFile; fileRef = 65B11CEC1E40041B0081551A /* EmptyView.xib */; };
		65B11CEF1E4005AA0081551A /* EmptyView.swift in Sources */ = {isa = PBXBuildFile; fileRef = 65B11CEE1E4005AA0081551A /* EmptyView.swift */; };
		65BB34351E53174700D9C371 /* PhotosList.storyboard in Resources */ = {isa = PBXBuildFile; fileRef = 65BB34341E53174700D9C371 /* PhotosList.storyboard */; };
		65BB34371E53175400D9C371 /* PhotoDetail.storyboard in Resources */ = {isa = PBXBuildFile; fileRef = 65BB34361E53175400D9C371 /* PhotoDetail.storyboard */; };
		65BB343A1E53176100D9C371 /* PhotoDetailInfoCoordinator.swift in Sources */ = {isa = PBXBuildFile; fileRef = 65BB34381E53176100D9C371 /* PhotoDetailInfoCoordinator.swift */; };
		65BB343B1E53176100D9C371 /* PhotoDetailPageViewController.swift in Sources */ = {isa = PBXBuildFile; fileRef = 65BB34391E53176100D9C371 /* PhotoDetailPageViewController.swift */; };
		65BB343E1E53178A00D9C371 /* UserInfoViewController.swift in Sources */ = {isa = PBXBuildFile; fileRef = 65BB343C1E53178A00D9C371 /* UserInfoViewController.swift */; };
		65BB343F1E53178A00D9C371 /* UserInfoViewModel.swift in Sources */ = {isa = PBXBuildFile; fileRef = 65BB343D1E53178A00D9C371 /* UserInfoViewModel.swift */; };
		65BB34421E5317C200D9C371 /* PhotoAdditionalInfoViewController.swift in Sources */ = {isa = PBXBuildFile; fileRef = 65BB34401E5317C200D9C371 /* PhotoAdditionalInfoViewController.swift */; };
		65BB34431E5317C200D9C371 /* PhotoAdditionalInfoViewModel.swift in Sources */ = {isa = PBXBuildFile; fileRef = 65BB34411E5317C200D9C371 /* PhotoAdditionalInfoViewModel.swift */; };
		65D4C66B1E37A69C003054C6 /* UnsplashPhoto.swift in Sources */ = {isa = PBXBuildFile; fileRef = 65D4C66A1E37A69C003054C6 /* UnsplashPhoto.swift */; };
		65F0703E1E3D33EF0067A328 /* UnsplashConnection.swift in Sources */ = {isa = PBXBuildFile; fileRef = 65F0703D1E3D33EF0067A328 /* UnsplashConnection.swift */; };
		D0276A3DC84C4C6BAE6DC70C /* Pods_MVVMDemo.framework in Frameworks */ = {isa = PBXBuildFile; fileRef = 3C6C19BA3F0D98283F6DBE0F /* Pods_MVVMDemo.framework */; };
/* End PBXBuildFile section */

/* Begin PBXFileReference section */
		3C6C19BA3F0D98283F6DBE0F /* Pods_MVVMDemo.framework */ = {isa = PBXFileReference; explicitFileType = wrapper.framework; includeInIndex = 0; path = Pods_MVVMDemo.framework; sourceTree = BUILT_PRODUCTS_DIR; };
		5F6A4F9562AEB9845DD0FA0A /* Pods-MVVMDemo.debug.xcconfig */ = {isa = PBXFileReference; includeInIndex = 1; lastKnownFileType = text.xcconfig; name = "Pods-MVVMDemo.debug.xcconfig"; path = "Pods/Target Support Files/Pods-MVVMDemo/Pods-MVVMDemo.debug.xcconfig"; sourceTree = "<group>"; };
		6501881D1E41F9C8008B5C4E /* AppCoordinator.swift */ = {isa = PBXFileReference; fileEncoding = 4; lastKnownFileType = sourcecode.swift; path = AppCoordinator.swift; sourceTree = "<group>"; };
		650188201E4202EF008B5C4E /* PhotoDetailViewController.swift */ = {isa = PBXFileReference; fileEncoding = 4; lastKnownFileType = sourcecode.swift; path = PhotoDetailViewController.swift; sourceTree = "<group>"; };
		650188221E420512008B5C4E /* PhotoDetailViewModel.swift */ = {isa = PBXFileReference; fileEncoding = 4; lastKnownFileType = sourcecode.swift; path = PhotoDetailViewModel.swift; sourceTree = "<group>"; };
		650297261E3D405400E6ECF0 /* PhotosListViewController.swift */ = {isa = PBXFileReference; fileEncoding = 4; lastKnownFileType = sourcecode.swift; path = PhotosListViewController.swift; sourceTree = "<group>"; };
		650297281E3D406F00E6ECF0 /* PhotosListViewModel.swift */ = {isa = PBXFileReference; fileEncoding = 4; lastKnownFileType = sourcecode.swift; path = PhotosListViewModel.swift; sourceTree = "<group>"; };
		6554B8661E3E394D007440DA /* Color+HexAndCSSColorNames.swift */ = {isa = PBXFileReference; fileEncoding = 4; lastKnownFileType = sourcecode.swift; path = "Color+HexAndCSSColorNames.swift"; sourceTree = "<group>"; };
		6557536F1E3D48EA00980EC2 /* CustomRoundedButton.swift */ = {isa = PBXFileReference; fileEncoding = 4; lastKnownFileType = sourcecode.swift; path = CustomRoundedButton.swift; sourceTree = "<group>"; };
		6564DE9F1E4503B10056BA72 /* UnsplashUser.swift */ = {isa = PBXFileReference; fileEncoding = 4; lastKnownFileType = sourcecode.swift; path = UnsplashUser.swift; sourceTree = "<group>"; };
		6578AE611E377E7100176514 /* MVVMDemo.app */ = {isa = PBXFileReference; explicitFileType = wrapper.application; includeInIndex = 0; path = MVVMDemo.app; sourceTree = BUILT_PRODUCTS_DIR; };
		6578AE641E377E7100176514 /* AppDelegate.swift */ = {isa = PBXFileReference; lastKnownFileType = sourcecode.swift; path = AppDelegate.swift; sourceTree = "<group>"; };
		6578AE6B1E377E7100176514 /* Assets.xcassets */ = {isa = PBXFileReference; lastKnownFileType = folder.assetcatalog; path = Assets.xcassets; sourceTree = "<group>"; };
		6578AE6E1E377E7100176514 /* Base */ = {isa = PBXFileReference; lastKnownFileType = file.storyboard; name = Base; path = Base.lproj/LaunchScreen.storyboard; sourceTree = "<group>"; };
		6578AE701E377E7100176514 /* Info.plist */ = {isa = PBXFileReference; lastKnownFileType = text.plist.xml; path = Info.plist; sourceTree = "<group>"; };
		659AFCA31E415E8800339F29 /* LoadMoreView.xib */ = {isa = PBXFileReference; fileEncoding = 4; lastKnownFileType = file.xib; path = LoadMoreView.xib; sourceTree = "<group>"; };
		659AFCA51E41608F00339F29 /* LoadMoreView.swift */ = {isa = PBXFileReference; fileEncoding = 4; lastKnownFileType = sourcecode.swift; path = LoadMoreView.swift; sourceTree = "<group>"; };
		65A27CAD1E37D4F100D13741 /* FullSizePhotoTableViewCell.swift */ = {isa = PBXFileReference; fileEncoding = 4; lastKnownFileType = sourcecode.swift; path = FullSizePhotoTableViewCell.swift; sourceTree = "<group>"; };
		65AEFEB41E532484003A7119 /* R.generated.swift */ = {isa = PBXFileReference; fileEncoding = 4; lastKnownFileType = sourcecode.swift; path = R.generated.swift; sourceTree = SOURCE_ROOT; };
		65B11CEC1E40041B0081551A /* EmptyView.xib */ = {isa = PBXFileReference; fileEncoding = 4; lastKnownFileType = file.xib; path = EmptyView.xib; sourceTree = "<group>"; };
		65B11CEE1E4005AA0081551A /* EmptyView.swift */ = {isa = PBXFileReference; fileEncoding = 4; lastKnownFileType = sourcecode.swift; path = EmptyView.swift; sourceTree = "<group>"; };
		65BB34341E53174700D9C371 /* PhotosList.storyboard */ = {isa = PBXFileReference; fileEncoding = 4; lastKnownFileType = file.storyboard; path = PhotosList.storyboard; sourceTree = "<group>"; };
		65BB34361E53175400D9C371 /* PhotoDetail.storyboard */ = {isa = PBXFileReference; fileEncoding = 4; lastKnownFileType = file.storyboard; path = PhotoDetail.storyboard; sourceTree = "<group>"; };
		65BB34381E53176100D9C371 /* PhotoDetailInfoCoordinator.swift */ = {isa = PBXFileReference; fileEncoding = 4; lastKnownFileType = sourcecode.swift; path = PhotoDetailInfoCoordinator.swift; sourceTree = "<group>"; };
		65BB34391E53176100D9C371 /* PhotoDetailPageViewController.swift */ = {isa = PBXFileReference; fileEncoding = 4; lastKnownFileType = sourcecode.swift; path = PhotoDetailPageViewController.swift; sourceTree = "<group>"; };
		65BB343C1E53178A00D9C371 /* UserInfoViewController.swift */ = {isa = PBXFileReference; fileEncoding = 4; lastKnownFileType = sourcecode.swift; path = UserInfoViewController.swift; sourceTree = "<group>"; };
		65BB343D1E53178A00D9C371 /* UserInfoViewModel.swift */ = {isa = PBXFileReference; fileEncoding = 4; lastKnownFileType = sourcecode.swift; path = UserInfoViewModel.swift; sourceTree = "<group>"; };
		65BB34401E5317C200D9C371 /* PhotoAdditionalInfoViewController.swift */ = {isa = PBXFileReference; fileEncoding = 4; lastKnownFileType = sourcecode.swift; path = PhotoAdditionalInfoViewController.swift; sourceTree = "<group>"; };
		65BB34411E5317C200D9C371 /* PhotoAdditionalInfoViewModel.swift */ = {isa = PBXFileReference; fileEncoding = 4; lastKnownFileType = sourcecode.swift; path = PhotoAdditionalInfoViewModel.swift; sourceTree = "<group>"; };
		65D4C66A1E37A69C003054C6 /* UnsplashPhoto.swift */ = {isa = PBXFileReference; fileEncoding = 4; lastKnownFileType = sourcecode.swift; path = UnsplashPhoto.swift; sourceTree = "<group>"; };
		65F0703D1E3D33EF0067A328 /* UnsplashConnection.swift */ = {isa = PBXFileReference; fileEncoding = 4; lastKnownFileType = sourcecode.swift; path = UnsplashConnection.swift; sourceTree = "<group>"; };
		E7F06602012C4B0FBFD4D464 /* Pods-MVVMDemo.release.xcconfig */ = {isa = PBXFileReference; includeInIndex = 1; lastKnownFileType = text.xcconfig; name = "Pods-MVVMDemo.release.xcconfig"; path = "Pods/Target Support Files/Pods-MVVMDemo/Pods-MVVMDemo.release.xcconfig"; sourceTree = "<group>"; };
/* End PBXFileReference section */

/* Begin PBXFrameworksBuildPhase section */
		6578AE5E1E377E7100176514 /* Frameworks */ = {
			isa = PBXFrameworksBuildPhase;
			buildActionMask = 2147483647;
			files = (
				D0276A3DC84C4C6BAE6DC70C /* Pods_MVVMDemo.framework in Frameworks */,
			);
			runOnlyForDeploymentPostprocessing = 0;
		};
/* End PBXFrameworksBuildPhase section */

/* Begin PBXGroup section */
		2023B6C0E236A6E324219B47 /* Frameworks */ = {
			isa = PBXGroup;
			children = (
				3C6C19BA3F0D98283F6DBE0F /* Pods_MVVMDemo.framework */,
			);
			name = Frameworks;
			sourceTree = "<group>";
		};
		6501881C1E41F7EE008B5C4E /* Coordinators */ = {
			isa = PBXGroup;
			children = (
				6501881D1E41F9C8008B5C4E /* AppCoordinator.swift */,
			);
			name = Coordinators;
			path = Coordinator;
			sourceTree = "<group>";
		};
		6501881F1E4202CB008B5C4E /* PhotoDetail */ = {
			isa = PBXGroup;
			children = (
				65BB34361E53175400D9C371 /* PhotoDetail.storyboard */,
				650188201E4202EF008B5C4E /* PhotoDetailViewController.swift */,
				650188221E420512008B5C4E /* PhotoDetailViewModel.swift */,
				65D86AAE1E489AB80094C55D /* DetailInfo */,
			);
			path = PhotoDetail;
			sourceTree = "<group>";
		};
		650297241E3D400C00E6ECF0 /* Scenes */ = {
			isa = PBXGroup;
			children = (
				650297251E3D401A00E6ECF0 /* PhotosList */,
				6501881F1E4202CB008B5C4E /* PhotoDetail */,
			);
			path = Scenes;
			sourceTree = "<group>";
		};
		650297251E3D401A00E6ECF0 /* PhotosList */ = {
			isa = PBXGroup;
			children = (
				65BB34341E53174700D9C371 /* PhotosList.storyboard */,
				650297261E3D405400E6ECF0 /* PhotosListViewController.swift */,
				650297281E3D406F00E6ECF0 /* PhotosListViewModel.swift */,
			);
			path = PhotosList;
			sourceTree = "<group>";
		};
		6554B8651E3E3915007440DA /* Extensions */ = {
			isa = PBXGroup;
			children = (
				6554B8661E3E394D007440DA /* Color+HexAndCSSColorNames.swift */,
			);
			path = Extensions;
			sourceTree = "<group>";
		};
		6578AE581E377E7100176514 = {
			isa = PBXGroup;
			children = (
				65AEFEB41E532484003A7119 /* R.generated.swift */,
				6578AE631E377E7100176514 /* MVVMDemo */,
				6578AE621E377E7100176514 /* Products */,
				DC557262D9D2D5E5A1718EDA /* Pods */,
				2023B6C0E236A6E324219B47 /* Frameworks */,
			);
			sourceTree = "<group>";
		};
		6578AE621E377E7100176514 /* Products */ = {
			isa = PBXGroup;
			children = (
				6578AE611E377E7100176514 /* MVVMDemo.app */,
			);
			name = Products;
			sourceTree = "<group>";
		};
		6578AE631E377E7100176514 /* MVVMDemo */ = {
			isa = PBXGroup;
			children = (
				6501881C1E41F7EE008B5C4E /* Coordinators */,
				6554B8651E3E3915007440DA /* Extensions */,
				650297241E3D400C00E6ECF0 /* Scenes */,
				65D4C6681E37A638003054C6 /* Connection */,
				65D4C6691E37A663003054C6 /* Models */,
				65D4C66C1E37CAFE003054C6 /* Views */,
				6578AE6B1E377E7100176514 /* Assets.xcassets */,
				6578AE6D1E377E7100176514 /* LaunchScreen.storyboard */,
				6578AE641E377E7100176514 /* AppDelegate.swift */,
				6578AE701E377E7100176514 /* Info.plist */,
			);
			path = MVVMDemo;
			sourceTree = "<group>";
		};
		659AFCA01E415E1900339F29 /* LoadMoreView */ = {
			isa = PBXGroup;
			children = (
				659AFCA31E415E8800339F29 /* LoadMoreView.xib */,
				659AFCA51E41608F00339F29 /* LoadMoreView.swift */,
			);
			path = LoadMoreView;
			sourceTree = "<group>";
		};
		65A27CAA1E37D2AF00D13741 /* Cells */ = {
			isa = PBXGroup;
			children = (
				65A27CAD1E37D4F100D13741 /* FullSizePhotoTableViewCell.swift */,
			);
			path = Cells;
			sourceTree = "<group>";
		};
		65B11CEB1E4003FC0081551A /* EmptyView */ = {
			isa = PBXGroup;
			children = (
				65B11CEC1E40041B0081551A /* EmptyView.xib */,
				65B11CEE1E4005AA0081551A /* EmptyView.swift */,
			);
			path = EmptyView;
			sourceTree = "<group>";
		};
		65BB34311E53137F00D9C371 /* PageController */ = {
			isa = PBXGroup;
			children = (
				65BB34381E53176100D9C371 /* PhotoDetailInfoCoordinator.swift */,
				65BB34391E53176100D9C371 /* PhotoDetailPageViewController.swift */,
			);
			path = PageController;
			sourceTree = "<group>";
		};
		65BB34321E53149700D9C371 /* UserInfo */ = {
			isa = PBXGroup;
			children = (
				65BB343C1E53178A00D9C371 /* UserInfoViewController.swift */,
				65BB343D1E53178A00D9C371 /* UserInfoViewModel.swift */,
			);
			path = UserInfo;
			sourceTree = "<group>";
		};
		65BB34331E53157E00D9C371 /* PhotoAdditionalInfo */ = {
			isa = PBXGroup;
			children = (
				65BB34401E5317C200D9C371 /* PhotoAdditionalInfoViewController.swift */,
				65BB34411E5317C200D9C371 /* PhotoAdditionalInfoViewModel.swift */,
			);
			path = PhotoAdditionalInfo;
			sourceTree = "<group>";
		};
		65D4C6681E37A638003054C6 /* Connection */ = {
			isa = PBXGroup;
			children = (
				65F0703D1E3D33EF0067A328 /* UnsplashConnection.swift */,
			);
			path = Connection;
			sourceTree = "<group>";
		};
		65D4C6691E37A663003054C6 /* Models */ = {
			isa = PBXGroup;
			children = (
				65D4C66A1E37A69C003054C6 /* UnsplashPhoto.swift */,
				6564DE9F1E4503B10056BA72 /* UnsplashUser.swift */,
			);
			path = Models;
			sourceTree = "<group>";
		};
		65D4C66C1E37CAFE003054C6 /* Views */ = {
			isa = PBXGroup;
			children = (
				659AFCA01E415E1900339F29 /* LoadMoreView */,
				65B11CEB1E4003FC0081551A /* EmptyView */,
				65A27CAA1E37D2AF00D13741 /* Cells */,
				6557536F1E3D48EA00980EC2 /* CustomRoundedButton.swift */,
			);
			path = Views;
			sourceTree = "<group>";
		};
		65D86AAE1E489AB80094C55D /* DetailInfo */ = {
			isa = PBXGroup;
			children = (
				65BB34311E53137F00D9C371 /* PageController */,
				65BB34321E53149700D9C371 /* UserInfo */,
				65BB34331E53157E00D9C371 /* PhotoAdditionalInfo */,
			);
			path = DetailInfo;
			sourceTree = "<group>";
		};
		DC557262D9D2D5E5A1718EDA /* Pods */ = {
			isa = PBXGroup;
			children = (
				5F6A4F9562AEB9845DD0FA0A /* Pods-MVVMDemo.debug.xcconfig */,
				E7F06602012C4B0FBFD4D464 /* Pods-MVVMDemo.release.xcconfig */,
			);
			name = Pods;
			sourceTree = "<group>";
		};
/* End PBXGroup section */

/* Begin PBXNativeTarget section */
		6578AE601E377E7100176514 /* MVVMDemo */ = {
			isa = PBXNativeTarget;
			buildConfigurationList = 6578AE731E377E7100176514 /* Build configuration list for PBXNativeTarget "MVVMDemo" */;
			buildPhases = (
				83FBCB3AB16853B51EBFE3AF /* [CP] Check Pods Manifest.lock */,
				65AEFEB11E5323AA003A7119 /* ShellScript */,
				6578AE5D1E377E7100176514 /* Sources */,
				6578AE5E1E377E7100176514 /* Frameworks */,
				6578AE5F1E377E7100176514 /* Resources */,
				898F786D8D54988B28C5890D /* [CP] Embed Pods Frameworks */,
				6DFD640F6502FDC9C2D965B8 /* [CP] Copy Pods Resources */,
			);
			buildRules = (
			);
			dependencies = (
			);
			name = MVVMDemo;
			productName = MVVMDemo;
			productReference = 6578AE611E377E7100176514 /* MVVMDemo.app */;
			productType = "com.apple.product-type.application";
		};
/* End PBXNativeTarget section */

/* Begin PBXProject section */
		6578AE591E377E7100176514 /* Project object */ = {
			isa = PBXProject;
			attributes = {
				LastSwiftUpdateCheck = 0820;
				LastUpgradeCheck = 0820;
				ORGANIZATIONNAME = "André Faria";
				TargetAttributes = {
					6578AE601E377E7100176514 = {
						CreatedOnToolsVersion = 8.2.1;
						DevelopmentTeam = YDNLNKB75L;
						LastSwiftMigration = 0920;
						ProvisioningStyle = Automatic;
					};
				};
			};
			buildConfigurationList = 6578AE5C1E377E7100176514 /* Build configuration list for PBXProject "MVVMDemo" */;
			compatibilityVersion = "Xcode 3.2";
			developmentRegion = English;
			hasScannedForEncodings = 0;
			knownRegions = (
				en,
				Base,
			);
			mainGroup = 6578AE581E377E7100176514;
			productRefGroup = 6578AE621E377E7100176514 /* Products */;
			projectDirPath = "";
			projectRoot = "";
			targets = (
				6578AE601E377E7100176514 /* MVVMDemo */,
			);
		};
/* End PBXProject section */

/* Begin PBXResourcesBuildPhase section */
		6578AE5F1E377E7100176514 /* Resources */ = {
			isa = PBXResourcesBuildPhase;
			buildActionMask = 2147483647;
			files = (
				65B11CED1E40041B0081551A /* EmptyView.xib in Resources */,
				6578AE6F1E377E7100176514 /* LaunchScreen.storyboard in Resources */,
				6578AE6C1E377E7100176514 /* Assets.xcassets in Resources */,
				659AFCA41E415E8800339F29 /* LoadMoreView.xib in Resources */,
				65BB34371E53175400D9C371 /* PhotoDetail.storyboard in Resources */,
				65BB34351E53174700D9C371 /* PhotosList.storyboard in Resources */,
			);
			runOnlyForDeploymentPostprocessing = 0;
		};
/* End PBXResourcesBuildPhase section */

/* Begin PBXShellScriptBuildPhase section */
		65AEFEB11E5323AA003A7119 /* ShellScript */ = {
			isa = PBXShellScriptBuildPhase;
			buildActionMask = 2147483647;
			files = (
			);
			inputPaths = (
			);
			outputPaths = (
			);
			runOnlyForDeploymentPostprocessing = 0;
			shellPath = /bin/sh;
			shellScript = "\"$PODS_ROOT/R.swift/rswift\" generate \"$SRCROOT\"";
		};
		6DFD640F6502FDC9C2D965B8 /* [CP] Copy Pods Resources */ = {
			isa = PBXShellScriptBuildPhase;
			buildActionMask = 2147483647;
			files = (
			);
			inputPaths = (
			);
			name = "[CP] Copy Pods Resources";
			outputPaths = (
			);
			runOnlyForDeploymentPostprocessing = 0;
			shellPath = /bin/sh;
			shellScript = "\"${SRCROOT}/Pods/Target Support Files/Pods-MVVMDemo/Pods-MVVMDemo-resources.sh\"\n";
			showEnvVarsInLog = 0;
		};
		83FBCB3AB16853B51EBFE3AF /* [CP] Check Pods Manifest.lock */ = {
			isa = PBXShellScriptBuildPhase;
			buildActionMask = 2147483647;
			files = (
			);
			inputPaths = (
				"${PODS_PODFILE_DIR_PATH}/Podfile.lock",
				"${PODS_ROOT}/Manifest.lock",
			);
			name = "[CP] Check Pods Manifest.lock";
			outputPaths = (
				"$(DERIVED_FILE_DIR)/Pods-MVVMDemo-checkManifestLockResult.txt",
			);
			runOnlyForDeploymentPostprocessing = 0;
			shellPath = /bin/sh;
			shellScript = "diff \"${PODS_PODFILE_DIR_PATH}/Podfile.lock\" \"${PODS_ROOT}/Manifest.lock\" > /dev/null\nif [ $? != 0 ] ; then\n    # print error to STDERR\n    echo \"error: The sandbox is not in sync with the Podfile.lock. Run 'pod install' or update your CocoaPods installation.\" >&2\n    exit 1\nfi\n# This output is used by Xcode 'outputs' to avoid re-running this script phase.\necho \"SUCCESS\" > \"${SCRIPT_OUTPUT_FILE_0}\"\n";
			showEnvVarsInLog = 0;
		};
		898F786D8D54988B28C5890D /* [CP] Embed Pods Frameworks */ = {
			isa = PBXShellScriptBuildPhase;
			buildActionMask = 2147483647;
			files = (
			);
			inputPaths = (
				"${SRCROOT}/Pods/Target Support Files/Pods-MVVMDemo/Pods-MVVMDemo-frameworks.sh",
				"${BUILT_PRODUCTS_DIR}/Alamofire/Alamofire.framework",
				"${BUILT_PRODUCTS_DIR}/Kingfisher/Kingfisher.framework",
				"${BUILT_PRODUCTS_DIR}/ObjectMapper/ObjectMapper.framework",
				"${BUILT_PRODUCTS_DIR}/PureLayout/PureLayout.framework",
				"${BUILT_PRODUCTS_DIR}/R.swift.Library/Rswift.framework",
				"${BUILT_PRODUCTS_DIR}/RxAlamofire/RxAlamofire.framework",
				"${BUILT_PRODUCTS_DIR}/RxCocoa/RxCocoa.framework",
				"${BUILT_PRODUCTS_DIR}/RxSwift/RxSwift.framework",
			);
			name = "[CP] Embed Pods Frameworks";
			outputPaths = (
				"${TARGET_BUILD_DIR}/${FRAMEWORKS_FOLDER_PATH}/Alamofire.framework",
				"${TARGET_BUILD_DIR}/${FRAMEWORKS_FOLDER_PATH}/Kingfisher.framework",
				"${TARGET_BUILD_DIR}/${FRAMEWORKS_FOLDER_PATH}/ObjectMapper.framework",
				"${TARGET_BUILD_DIR}/${FRAMEWORKS_FOLDER_PATH}/PureLayout.framework",
				"${TARGET_BUILD_DIR}/${FRAMEWORKS_FOLDER_PATH}/Rswift.framework",
				"${TARGET_BUILD_DIR}/${FRAMEWORKS_FOLDER_PATH}/RxAlamofire.framework",
				"${TARGET_BUILD_DIR}/${FRAMEWORKS_FOLDER_PATH}/RxCocoa.framework",
				"${TARGET_BUILD_DIR}/${FRAMEWORKS_FOLDER_PATH}/RxSwift.framework",
			);
			runOnlyForDeploymentPostprocessing = 0;
			shellPath = /bin/sh;
			shellScript = "\"${SRCROOT}/Pods/Target Support Files/Pods-MVVMDemo/Pods-MVVMDemo-frameworks.sh\"\n";
			showEnvVarsInLog = 0;
		};
/* End PBXShellScriptBuildPhase section */

/* Begin PBXSourcesBuildPhase section */
		6578AE5D1E377E7100176514 /* Sources */ = {
			isa = PBXSourcesBuildPhase;
			buildActionMask = 2147483647;
			files = (
				65BB34431E5317C200D9C371 /* PhotoAdditionalInfoViewModel.swift in Sources */,
				6501881E1E41F9C8008B5C4E /* AppCoordinator.swift in Sources */,
				6554B8671E3E394D007440DA /* Color+HexAndCSSColorNames.swift in Sources */,
				65B11CEF1E4005AA0081551A /* EmptyView.swift in Sources */,
				65A27CAE1E37D4F100D13741 /* FullSizePhotoTableViewCell.swift in Sources */,
				65BB343A1E53176100D9C371 /* PhotoDetailInfoCoordinator.swift in Sources */,
				659AFCA61E41608F00339F29 /* LoadMoreView.swift in Sources */,
				650297271E3D405400E6ECF0 /* PhotosListViewController.swift in Sources */,
				65AEFEB51E532484003A7119 /* R.generated.swift in Sources */,
				650188211E4202EF008B5C4E /* PhotoDetailViewController.swift in Sources */,
				65D4C66B1E37A69C003054C6 /* UnsplashPhoto.swift in Sources */,
				65F0703E1E3D33EF0067A328 /* UnsplashConnection.swift in Sources */,
				6564DEA01E4503B10056BA72 /* UnsplashUser.swift in Sources */,
				65BB343B1E53176100D9C371 /* PhotoDetailPageViewController.swift in Sources */,
				6578AE651E377E7100176514 /* AppDelegate.swift in Sources */,
				650297291E3D406F00E6ECF0 /* PhotosListViewModel.swift in Sources */,
				65BB34421E5317C200D9C371 /* PhotoAdditionalInfoViewController.swift in Sources */,
				650188231E420512008B5C4E /* PhotoDetailViewModel.swift in Sources */,
				65BB343F1E53178A00D9C371 /* UserInfoViewModel.swift in Sources */,
				655753701E3D48EA00980EC2 /* CustomRoundedButton.swift in Sources */,
				65BB343E1E53178A00D9C371 /* UserInfoViewController.swift in Sources */,
			);
			runOnlyForDeploymentPostprocessing = 0;
		};
/* End PBXSourcesBuildPhase section */

/* Begin PBXVariantGroup section */
		6578AE6D1E377E7100176514 /* LaunchScreen.storyboard */ = {
			isa = PBXVariantGroup;
			children = (
				6578AE6E1E377E7100176514 /* Base */,
			);
			name = LaunchScreen.storyboard;
			sourceTree = "<group>";
		};
/* End PBXVariantGroup section */

/* Begin XCBuildConfiguration section */
		6578AE711E377E7100176514 /* Debug */ = {
			isa = XCBuildConfiguration;
			buildSettings = {
				ALWAYS_SEARCH_USER_PATHS = NO;
				CLANG_ANALYZER_NONNULL = YES;
				CLANG_CXX_LANGUAGE_STANDARD = "gnu++0x";
				CLANG_CXX_LIBRARY = "libc++";
				CLANG_ENABLE_MODULES = YES;
				CLANG_ENABLE_OBJC_ARC = YES;
				CLANG_WARN_BOOL_CONVERSION = YES;
				CLANG_WARN_CONSTANT_CONVERSION = YES;
				CLANG_WARN_DIRECT_OBJC_ISA_USAGE = YES_ERROR;
				CLANG_WARN_DOCUMENTATION_COMMENTS = YES;
				CLANG_WARN_EMPTY_BODY = YES;
				CLANG_WARN_ENUM_CONVERSION = YES;
				CLANG_WARN_INFINITE_RECURSION = YES;
				CLANG_WARN_INT_CONVERSION = YES;
				CLANG_WARN_OBJC_ROOT_CLASS = YES_ERROR;
				CLANG_WARN_SUSPICIOUS_MOVE = YES;
				CLANG_WARN_UNREACHABLE_CODE = YES;
				CLANG_WARN__DUPLICATE_METHOD_MATCH = YES;
				"CODE_SIGN_IDENTITY[sdk=iphoneos*]" = "iPhone Developer";
				COPY_PHASE_STRIP = NO;
				DEBUG_INFORMATION_FORMAT = dwarf;
				ENABLE_STRICT_OBJC_MSGSEND = YES;
				ENABLE_TESTABILITY = YES;
				GCC_C_LANGUAGE_STANDARD = gnu99;
				GCC_DYNAMIC_NO_PIC = NO;
				GCC_NO_COMMON_BLOCKS = YES;
				GCC_OPTIMIZATION_LEVEL = 0;
				GCC_PREPROCESSOR_DEFINITIONS = (
					"DEBUG=1",
					"$(inherited)",
				);
				GCC_WARN_64_TO_32_BIT_CONVERSION = YES;
				GCC_WARN_ABOUT_RETURN_TYPE = YES_ERROR;
				GCC_WARN_UNDECLARED_SELECTOR = YES;
				GCC_WARN_UNINITIALIZED_AUTOS = YES_AGGRESSIVE;
				GCC_WARN_UNUSED_FUNCTION = YES;
				GCC_WARN_UNUSED_VARIABLE = YES;
				IPHONEOS_DEPLOYMENT_TARGET = 10.2;
				MTL_ENABLE_DEBUG_INFO = YES;
				ONLY_ACTIVE_ARCH = YES;
				SDKROOT = iphoneos;
				SWIFT_ACTIVE_COMPILATION_CONDITIONS = DEBUG;
				SWIFT_OPTIMIZATION_LEVEL = "-Onone";
			};
			name = Debug;
		};
		6578AE721E377E7100176514 /* Release */ = {
			isa = XCBuildConfiguration;
			buildSettings = {
				ALWAYS_SEARCH_USER_PATHS = NO;
				CLANG_ANALYZER_NONNULL = YES;
				CLANG_CXX_LANGUAGE_STANDARD = "gnu++0x";
				CLANG_CXX_LIBRARY = "libc++";
				CLANG_ENABLE_MODULES = YES;
				CLANG_ENABLE_OBJC_ARC = YES;
				CLANG_WARN_BOOL_CONVERSION = YES;
				CLANG_WARN_CONSTANT_CONVERSION = YES;
				CLANG_WARN_DIRECT_OBJC_ISA_USAGE = YES_ERROR;
				CLANG_WARN_DOCUMENTATION_COMMENTS = YES;
				CLANG_WARN_EMPTY_BODY = YES;
				CLANG_WARN_ENUM_CONVERSION = YES;
				CLANG_WARN_INFINITE_RECURSION = YES;
				CLANG_WARN_INT_CONVERSION = YES;
				CLANG_WARN_OBJC_ROOT_CLASS = YES_ERROR;
				CLANG_WARN_SUSPICIOUS_MOVE = YES;
				CLANG_WARN_UNREACHABLE_CODE = YES;
				CLANG_WARN__DUPLICATE_METHOD_MATCH = YES;
				"CODE_SIGN_IDENTITY[sdk=iphoneos*]" = "iPhone Developer";
				COPY_PHASE_STRIP = NO;
				DEBUG_INFORMATION_FORMAT = "dwarf-with-dsym";
				ENABLE_NS_ASSERTIONS = NO;
				ENABLE_STRICT_OBJC_MSGSEND = YES;
				GCC_C_LANGUAGE_STANDARD = gnu99;
				GCC_NO_COMMON_BLOCKS = YES;
				GCC_WARN_64_TO_32_BIT_CONVERSION = YES;
				GCC_WARN_ABOUT_RETURN_TYPE = YES_ERROR;
				GCC_WARN_UNDECLARED_SELECTOR = YES;
				GCC_WARN_UNINITIALIZED_AUTOS = YES_AGGRESSIVE;
				GCC_WARN_UNUSED_FUNCTION = YES;
				GCC_WARN_UNUSED_VARIABLE = YES;
				IPHONEOS_DEPLOYMENT_TARGET = 10.2;
				MTL_ENABLE_DEBUG_INFO = NO;
				SDKROOT = iphoneos;
				SWIFT_OPTIMIZATION_LEVEL = "-Owholemodule";
				VALIDATE_PRODUCT = YES;
			};
			name = Release;
		};
		6578AE741E377E7100176514 /* Debug */ = {
			isa = XCBuildConfiguration;
			baseConfigurationReference = 5F6A4F9562AEB9845DD0FA0A /* Pods-MVVMDemo.debug.xcconfig */;
			buildSettings = {
				ASSETCATALOG_COMPILER_APPICON_NAME = AppIcon;
				DEVELOPMENT_TEAM = YDNLNKB75L;
				INFOPLIST_FILE = MVVMDemo/Info.plist;
				LD_RUNPATH_SEARCH_PATHS = "$(inherited) @executable_path/Frameworks";
				PRODUCT_BUNDLE_IDENTIFIER = andgfaria.MVVMDemo;
				PRODUCT_NAME = "$(TARGET_NAME)";
				SWIFT_SWIFT3_OBJC_INFERENCE = On;
				SWIFT_VERSION = 4.0;
			};
			name = Debug;
		};
		6578AE751E377E7100176514 /* Release */ = {
			isa = XCBuildConfiguration;
			baseConfigurationReference = E7F06602012C4B0FBFD4D464 /* Pods-MVVMDemo.release.xcconfig */;
			buildSettings = {
				ASSETCATALOG_COMPILER_APPICON_NAME = AppIcon;
				DEVELOPMENT_TEAM = YDNLNKB75L;
				INFOPLIST_FILE = MVVMDemo/Info.plist;
				LD_RUNPATH_SEARCH_PATHS = "$(inherited) @executable_path/Frameworks";
				PRODUCT_BUNDLE_IDENTIFIER = andgfaria.MVVMDemo;
				PRODUCT_NAME = "$(TARGET_NAME)";
				SWIFT_SWIFT3_OBJC_INFERENCE = On;
				SWIFT_VERSION = 4.0;
			};
			name = Release;
		};
/* End XCBuildConfiguration section */

/* Begin XCConfigurationList section */
		6578AE5C1E377E7100176514 /* Build configuration list for PBXProject "MVVMDemo" */ = {
			isa = XCConfigurationList;
			buildConfigurations = (
				6578AE711E377E7100176514 /* Debug */,
				6578AE721E377E7100176514 /* Release */,
			);
			defaultConfigurationIsVisible = 0;
			defaultConfigurationName = Release;
		};
		6578AE731E377E7100176514 /* Build configuration list for PBXNativeTarget "MVVMDemo" */ = {
			isa = XCConfigurationList;
			buildConfigurations = (
				6578AE741E377E7100176514 /* Debug */,
				6578AE751E377E7100176514 /* Release */,
			);
			defaultConfigurationIsVisible = 0;
			defaultConfigurationName = Release;
		};
/* End XCConfigurationList section */
	};
	rootObject = 6578AE591E377E7100176514 /* Project object */;
}
